
Microsoft Visual Studio Solution File, Format Version 12.00
# Visual Studio Version 16
VisualStudioVersion = 16.0.29709.97
MinimumVisualStudioVersion = 10.0.40219.1
Project("{FAE04EC0-301F-11D3-BF4B-00C04F79EFBC}") = "ReverseWord", "ReverseWord\ReverseWord.csproj", "{20D4562F-24E6-4F57-A961-90648C3DF3C0}"
EndProject
Global
	GlobalSection(SolutionConfigurationPlatforms) = preSolution
		Debug|Any CPU = Debug|Any CPU
		Release|Any CPU = Release|Any CPU
	EndGlobalSection
	GlobalSection(ProjectConfigurationPlatforms) = postSolution
		{20D4562F-24E6-4F57-A961-90648C3DF3C0}.Debug|Any CPU.ActiveCfg = Debug|Any CPU
		{20D4562F-24E6-4F57-A961-90648C3DF3C0}.Debug|Any CPU.Build.0 = Debug|Any CPU
		{20D4562F-24E6-4F57-A961-90648C3DF3C0}.Release|Any CPU.ActiveCfg = Release|Any CPU
		{20D4562F-24E6-4F57-A961-90648C3DF3C0}.Release|Any CPU.Build.0 = Release|Any CPU
	EndGlobalSection
	GlobalSection(SolutionProperties) = preSolution
		HideSolutionNode = FALSE
	EndGlobalSection
	GlobalSection(ExtensibilityGlobals) = postSolution
		SolutionGuid = {A7000160-6609-4318-9058-B8D2548699D6}
	EndGlobalSection
EndGlobal
