
Microsoft Visual Studio Solution File, Format Version 12.00
# Visual Studio Version 16
VisualStudioVersion = 16.0.29709.97
MinimumVisualStudioVersion = 10.0.40219.1
Project("{FAE04EC0-301F-11D3-BF4B-00C04F79EFBC}") = "BookClassExercise", "Exercise 3 - Book\BookClassExercise.csproj", "{AA87F3DB-420E-42F8-8520-ECF15AF0BB33}"
EndProject
Global
	GlobalSection(SolutionConfigurationPlatforms) = preSolution
		Debug|Any CPU = Debug|Any CPU
		Release|Any CPU = Release|Any CPU
	EndGlobalSection
	GlobalSection(ProjectConfigurationPlatforms) = postSolution
		{AA87F3DB-420E-42F8-8520-ECF15AF0BB33}.Debug|Any CPU.ActiveCfg = Debug|Any CPU
		{AA87F3DB-420E-42F8-8520-ECF15AF0BB33}.Debug|Any CPU.Build.0 = Debug|Any CPU
		{AA87F3DB-420E-42F8-8520-ECF15AF0BB33}.Release|Any CPU.ActiveCfg = Release|Any CPU
		{AA87F3DB-420E-42F8-8520-ECF15AF0BB33}.Release|Any CPU.Build.0 = Release|Any CPU
	EndGlobalSection
	GlobalSection(SolutionProperties) = preSolution
		HideSolutionNode = FALSE
	EndGlobalSection
	GlobalSection(ExtensibilityGlobals) = postSolution
		SolutionGuid = {E4C9DB2A-41BE-464C-B352-F2E7A75DEF81}
	EndGlobalSection
EndGlobal
